// !$*UTF8*$!
{
	archiveVersion = 1;
	classes = {
	};
	objectVersion = 46;
	objects = {

/* Begin PBXBuildFile section */
		C5F7B83917B9E84E00FB6223 /* Foundation.framework in Frameworks */ = {isa = PBXBuildFile; fileRef = C5F7B83817B9E84E00FB6223 /* Foundation.framework */; };
		C5F7B83B17B9E84E00FB6223 /* CoreGraphics.framework in Frameworks */ = {isa = PBXBuildFile; fileRef = C5F7B83A17B9E84E00FB6223 /* CoreGraphics.framework */; };
		C5F7B83D17B9E84E00FB6223 /* UIKit.framework in Frameworks */ = {isa = PBXBuildFile; fileRef = C5F7B83C17B9E84E00FB6223 /* UIKit.framework */; };
		C5F7B84317B9E84E00FB6223 /* InfoPlist.strings in Resources */ = {isa = PBXBuildFile; fileRef = C5F7B84117B9E84E00FB6223 /* InfoPlist.strings */; };
		C5F7B84517B9E84E00FB6223 /* main.m in Sources */ = {isa = PBXBuildFile; fileRef = C5F7B84417B9E84E00FB6223 /* main.m */; };
		C5F7B84917B9E84E00FB6223 /* AppDelegate.m in Sources */ = {isa = PBXBuildFile; fileRef = C5F7B84817B9E84E00FB6223 /* AppDelegate.m */; };
		C5F7B84C17B9E84E00FB6223 /* Main.storyboard in Resources */ = {isa = PBXBuildFile; fileRef = C5F7B84A17B9E84E00FB6223 /* Main.storyboard */; };
		C5F7B84F17B9E84E00FB6223 /* ViewController.m in Sources */ = {isa = PBXBuildFile; fileRef = C5F7B84E17B9E84E00FB6223 /* ViewController.m */; };
		C5F7B85117B9E84E00FB6223 /* Images.xcassets in Resources */ = {isa = PBXBuildFile; fileRef = C5F7B85017B9E84E00FB6223 /* Images.xcassets */; };
		C5F7B85817B9E84E00FB6223 /* XCTest.framework in Frameworks */ = {isa = PBXBuildFile; fileRef = C5F7B85717B9E84E00FB6223 /* XCTest.framework */; };
		C5F7B85917B9E84E00FB6223 /* Foundation.framework in Frameworks */ = {isa = PBXBuildFile; fileRef = C5F7B83817B9E84E00FB6223 /* Foundation.framework */; };
		C5F7B85A17B9E84E00FB6223 /* UIKit.framework in Frameworks */ = {isa = PBXBuildFile; fileRef = C5F7B83C17B9E84E00FB6223 /* UIKit.framework */; };
		C5F7B86217B9E84E00FB6223 /* InfoPlist.strings in Resources */ = {isa = PBXBuildFile; fileRef = C5F7B86017B9E84E00FB6223 /* InfoPlist.strings */; };
		C5F7B86417B9E84E00FB6223 /* iKFUTests.m in Sources */ = {isa = PBXBuildFile; fileRef = C5F7B86317B9E84E00FB6223 /* iKFUTests.m */; };
		CE37E43917BE3348008D4CAA /* %d0%b4%d0%be%d0%b1%d0%b0%d0%b2%d0%b8%d1%82%d1%8c%20%d0%bc%d0%b5%d1%80%d0%be%d0%bf%d1%80%d0%b8%d1%8f%d1%82%d0%b8%d0%b5-1.jpg in Resources */ = {isa = PBXBuildFile; fileRef = CE37E42217BE3348008D4CAA /* %d0%b4%d0%be%d0%b1%d0%b0%d0%b2%d0%b8%d1%82%d1%8c%20%d0%bc%d0%b5%d1%80%d0%be%d0%bf%d1%80%d0%b8%d1%8f%d1%82%d0%b8%d0%b5-1.jpg */; };
		CE37E43A17BE3348008D4CAA /* %d0%b4%d0%be%d0%b1%d0%b0%d0%b2%d0%b8%d1%82%d1%8c%20%d0%bc%d0%b5%d1%80%d0%be%d0%bf%d1%80%d0%b8%d1%8f%d1%82%d0%b8%d0%b5.jpg in Resources */ = {isa = PBXBuildFile; fileRef = CE37E42317BE3348008D4CAA /* %d0%b4%d0%be%d0%b1%d0%b0%d0%b2%d0%b8%d1%82%d1%8c%20%d0%bc%d0%b5%d1%80%d0%be%d0%bf%d1%80%d0%b8%d1%8f%d1%82%d0%b8%d0%b5.jpg */; };
		CE37E43B17BE3348008D4CAA /* %d0%bb%d0%b8%d1%87%d0%bd%d1%8b%d0%b9%20%d0%ba%d0%b0%d0%b1%d0%b8%d0%bd%d0%b5%d1%82.jpg in Resources */ = {isa = PBXBuildFile; fileRef = CE37E42417BE3348008D4CAA /* %d0%bb%d0%b8%d1%87%d0%bd%d1%8b%d0%b9%20%d0%ba%d0%b0%d0%b1%d0%b8%d0%bd%d0%b5%d1%82.jpg */; };
		CE37E43C17BE3348008D4CAA /* %d0%bc%d0%b5%d1%80%d0%be%d0%bf%d1%80%d0%b8%d1%8f%d1%82%d0%b8%d1%8f-1.jpg in Resources */ = {isa = PBXBuildFile; fileRef = CE37E42517BE3348008D4CAA /* %d0%bc%d0%b5%d1%80%d0%be%d0%bf%d1%80%d0%b8%d1%8f%d1%82%d0%b8%d1%8f-1.jpg */; };
		CE37E43D17BE3348008D4CAA /* %d0%bc%d0%b5%d1%80%d0%be%d0%bf%d1%80%d0%b8%d1%8f%d1%82%d0%b8%d1%8f.jpg in Resources */ = {isa = PBXBuildFile; fileRef = CE37E42617BE3348008D4CAA /* %d0%bc%d0%b5%d1%80%d0%be%d0%bf%d1%80%d0%b8%d1%8f%d1%82%d0%b8%d1%8f.jpg */; };
		CE37E43E17BE3348008D4CAA /* %d0%be%d0%b6%d0%b8%d0%b4%d0%b0%d1%8e%d1%82.jpg in Resources */ = {isa = PBXBuildFile; fileRef = CE37E42717BE3348008D4CAA /* %d0%be%d0%b6%d0%b8%d0%b4%d0%b0%d1%8e%d1%82.jpg */; };
		CE37E43F17BE3348008D4CAA /* %d0%be%d1%82%d0%ba%d0%b0%d0%b7%d0%b0%d0%bd%d0%be.jpg in Resources */ = {isa = PBXBuildFile; fileRef = CE37E42817BE3348008D4CAA /* %d0%be%d1%82%d0%ba%d0%b0%d0%b7%d0%b0%d0%bd%d0%be.jpg */; };
		CE37E44017BE3348008D4CAA /* %d0%bf%d0%be%d0%b4%d1%82%d0%b2%d0%b5%d1%80%d0%b6%d0%b4%d0%b5%d0%bd%d1%8b-1.jpg in Resources */ = {isa = PBXBuildFile; fileRef = CE37E42917BE3348008D4CAA /* %d0%bf%d0%be%d0%b4%d1%82%d0%b2%d0%b5%d1%80%d0%b6%d0%b4%d0%b5%d0%bd%d1%8b-1.jpg */; };
		CE37E44117BE3348008D4CAA /* %d0%bf%d0%be%d0%b4%d1%82%d0%b2%d0%b5%d1%80%d0%b6%d0%b4%d0%b5%d0%bd%d1%8b.jpg in Resources */ = {isa = PBXBuildFile; fileRef = CE37E42A17BE3348008D4CAA /* %d0%bf%d0%be%d0%b4%d1%82%d0%b2%d0%b5%d1%80%d0%b6%d0%b4%d0%b5%d0%bd%d1%8b.jpg */; };
		CE37E44217BE3348008D4CAA /* %d1%81%d0%bf%d1%80%d0%b0%d0%b2%d0%ba%d0%b0-1.jpg in Resources */ = {isa = PBXBuildFile; fileRef = CE37E42B17BE3348008D4CAA /* %d1%81%d0%bf%d1%80%d0%b0%d0%b2%d0%ba%d0%b0-1.jpg */; };
		CE37E44317BE3348008D4CAA /* %d1%81%d0%bf%d1%80%d0%b0%d0%b2%d0%ba%d0%b0.jpg in Resources */ = {isa = PBXBuildFile; fileRef = CE37E42C17BE3348008D4CAA /* %d1%81%d0%bf%d1%80%d0%b0%d0%b2%d0%ba%d0%b0.jpg */; };
		CE37E44417BE3348008D4CAA /* facebook_login.png in Resources */ = {isa = PBXBuildFile; fileRef = CE37E42D17BE3348008D4CAA /* facebook_login.png */; };
		CE37E44517BE3348008D4CAA /* login_with_vkontakte.png in Resources */ = {isa = PBXBuildFile; fileRef = CE37E42E17BE3348008D4CAA /* login_with_vkontakte.png */; };
		CE37E44617BE3348008D4CAA /* голубая копочка.jpg in Resources */ = {isa = PBXBuildFile; fileRef = CE37E42F17BE3348008D4CAA /* голубая копочка.jpg */; };
		CE37E44717BE3348008D4CAA /* дом-1.png in Resources */ = {isa = PBXBuildFile; fileRef = CE37E43017BE3348008D4CAA /* дом-1.png */; };
		CE37E44817BE3348008D4CAA /* дом.jpg in Resources */ = {isa = PBXBuildFile; fileRef = CE37E43117BE3348008D4CAA /* дом.jpg */; };
		CE37E44917BE3348008D4CAA /* дом.png in Resources */ = {isa = PBXBuildFile; fileRef = CE37E43217BE3348008D4CAA /* дом.png */; };
		CE37E44A17BE3348008D4CAA /* желтая кнопочка.jpg in Resources */ = {isa = PBXBuildFile; fileRef = CE37E43317BE3348008D4CAA /* желтая кнопочка.jpg */; };
		CE37E44B17BE3348008D4CAA /* зеленая кнопочка.jpg in Resources */ = {isa = PBXBuildFile; fileRef = CE37E43417BE3348008D4CAA /* зеленая кнопочка.jpg */; };
		CE37E44C17BE3348008D4CAA /* красная кнопочка.jpg in Resources */ = {isa = PBXBuildFile; fileRef = CE37E43517BE3348008D4CAA /* красная кнопочка.jpg */; };
		CE37E44D17BE3348008D4CAA /* помощь.png in Resources */ = {isa = PBXBuildFile; fileRef = CE37E43617BE3348008D4CAA /* помощь.png */; };
		CE37E44E17BE3348008D4CAA /* сериая кнопочка.jpg in Resources */ = {isa = PBXBuildFile; fileRef = CE37E43717BE3348008D4CAA /* сериая кнопочка.jpg */; };
		CE37E44F17BE3348008D4CAA /* список.png in Resources */ = {isa = PBXBuildFile; fileRef = CE37E43817BE3348008D4CAA /* список.png */; };
		CE69D1C817BF79D70033E4C2 /* ProfileViewController.m in Sources */ = {isa = PBXBuildFile; fileRef = CE69D1C717BF79D70033E4C2 /* ProfileViewController.m */; };
		CE90A2D617BCE4BC006933A8 /* VkViewController.m in Sources */ = {isa = PBXBuildFile; fileRef = CE90A2D517BCE4BC006933A8 /* VkViewController.m */; };
		CE963C1017BE0515003C4DF7 /* DescribeViewController.m in Sources */ = {isa = PBXBuildFile; fileRef = CE963C0F17BE0515003C4DF7 /* DescribeViewController.m */; };
		CEC25E5E17BE75CE00DD6870 /* ParcerSortAddData.m in Sources */ = {isa = PBXBuildFile; fileRef = CEC25E5D17BE75CE00DD6870 /* ParcerSortAddData.m */; };
		CEC25E5F17BE84B300DD6870 /* CJSONDeserializer.m in Sources */ = {isa = PBXBuildFile; fileRef = CEA7ED3917BE66C00027C334 /* CJSONDeserializer.m */; settings = {COMPILER_FLAGS = "-fno-objc-arc"; }; };
		CEC25E6017BE84B300DD6870 /* APIDownload.m in Sources */ = {isa = PBXBuildFile; fileRef = CEA7ED3017BE66B10027C334 /* APIDownload.m */; settings = {COMPILER_FLAGS = "-fno-objc-arc"; }; };
		CEC25E6117BE84CA00DD6870 /* CJSONScanner.m in Sources */ = {isa = PBXBuildFile; fileRef = CEA7ED3D17BE66C00027C334 /* CJSONScanner.m */; settings = {COMPILER_FLAGS = "-fno-objc-arc"; }; };
		CEC25E6217BE851600DD6870 /* CDataScanner.m in Sources */ = {isa = PBXBuildFile; fileRef = CEA7ED3317BE66C00027C334 /* CDataScanner.m */; settings = {COMPILER_FLAGS = "-fno-objc-arc"; }; };
		CEC25E6317BE851600DD6870 /* CDataScanner_Extensions.m in Sources */ = {isa = PBXBuildFile; fileRef = CEA7ED3517BE66C00027C334 /* CDataScanner_Extensions.m */; settings = {COMPILER_FLAGS = "-fno-objc-arc"; }; };
		CEC25E6417BE851600DD6870 /* CFilteringJSONSerializer.m in Sources */ = {isa = PBXBuildFile; fileRef = CEA7ED3717BE66C00027C334 /* CFilteringJSONSerializer.m */; settings = {COMPILER_FLAGS = "-fno-objc-arc"; }; };
		CEC25E6517BE851600DD6870 /* CJSONDeserializer_BlocksExtensions.m in Sources */ = {isa = PBXBuildFile; fileRef = CEA7ED3B17BE66C00027C334 /* CJSONDeserializer_BlocksExtensions.m */; settings = {COMPILER_FLAGS = "-fno-objc-arc"; }; };
		CEC25E6617BE851600DD6870 /* CJSONSerialization.m in Sources */ = {isa = PBXBuildFile; fileRef = CEA7ED3F17BE66C00027C334 /* CJSONSerialization.m */; settings = {COMPILER_FLAGS = "-fno-objc-arc"; }; };
		CEC25E6717BE851600DD6870 /* CJSONSerializedData.m in Sources */ = {isa = PBXBuildFile; fileRef = CEA7ED4117BE66C00027C334 /* CJSONSerializedData.m */; settings = {COMPILER_FLAGS = "-fno-objc-arc"; }; };
		CEC25E6817BE851600DD6870 /* CJSONSerializer.m in Sources */ = {isa = PBXBuildFile; fileRef = CEA7ED4317BE66C00027C334 /* CJSONSerializer.m */; settings = {COMPILER_FLAGS = "-fno-objc-arc"; }; };
		CEC25E6917BE851600DD6870 /* NSDictionary_JSONExtensions.m in Sources */ = {isa = PBXBuildFile; fileRef = CEA7ED4617BE66C00027C334 /* NSDictionary_JSONExtensions.m */; settings = {COMPILER_FLAGS = "-fno-objc-arc"; }; };
/* End PBXBuildFile section */

/* Begin PBXContainerItemProxy section */
		C5F7B85B17B9E84E00FB6223 /* PBXContainerItemProxy */ = {
			isa = PBXContainerItemProxy;
			containerPortal = C5F7B82D17B9E84E00FB6223 /* Project object */;
			proxyType = 1;
			remoteGlobalIDString = C5F7B83417B9E84E00FB6223;
			remoteInfo = iKFU;
		};
/* End PBXContainerItemProxy section */

/* Begin PBXFileReference section */
		C5F7B83517B9E84E00FB6223 /* iKFU.app */ = {isa = PBXFileReference; explicitFileType = wrapper.application; includeInIndex = 0; path = iKFU.app; sourceTree = BUILT_PRODUCTS_DIR; };
		C5F7B83817B9E84E00FB6223 /* Foundation.framework */ = {isa = PBXFileReference; lastKnownFileType = wrapper.framework; name = Foundation.framework; path = System/Library/Frameworks/Foundation.framework; sourceTree = SDKROOT; };
		C5F7B83A17B9E84E00FB6223 /* CoreGraphics.framework */ = {isa = PBXFileReference; lastKnownFileType = wrapper.framework; name = CoreGraphics.framework; path = System/Library/Frameworks/CoreGraphics.framework; sourceTree = SDKROOT; };
		C5F7B83C17B9E84E00FB6223 /* UIKit.framework */ = {isa = PBXFileReference; lastKnownFileType = wrapper.framework; name = UIKit.framework; path = System/Library/Frameworks/UIKit.framework; sourceTree = SDKROOT; };
		C5F7B84017B9E84E00FB6223 /* iKFU-Info.plist */ = {isa = PBXFileReference; lastKnownFileType = text.plist.xml; path = "iKFU-Info.plist"; sourceTree = "<group>"; };
		C5F7B84217B9E84E00FB6223 /* en */ = {isa = PBXFileReference; lastKnownFileType = text.plist.strings; name = en; path = en.lproj/InfoPlist.strings; sourceTree = "<group>"; };
		C5F7B84417B9E84E00FB6223 /* main.m */ = {isa = PBXFileReference; lastKnownFileType = sourcecode.c.objc; path = main.m; sourceTree = "<group>"; };
		C5F7B84617B9E84E00FB6223 /* iKFU-Prefix.pch */ = {isa = PBXFileReference; lastKnownFileType = sourcecode.c.h; path = "iKFU-Prefix.pch"; sourceTree = "<group>"; };
		C5F7B84717B9E84E00FB6223 /* AppDelegate.h */ = {isa = PBXFileReference; lastKnownFileType = sourcecode.c.h; path = AppDelegate.h; sourceTree = "<group>"; };
		C5F7B84817B9E84E00FB6223 /* AppDelegate.m */ = {isa = PBXFileReference; lastKnownFileType = sourcecode.c.objc; path = AppDelegate.m; sourceTree = "<group>"; };
		C5F7B84B17B9E84E00FB6223 /* Base */ = {isa = PBXFileReference; lastKnownFileType = file.storyboard; name = Base; path = Base.lproj/Main.storyboard; sourceTree = "<group>"; };
		C5F7B84D17B9E84E00FB6223 /* ViewController.h */ = {isa = PBXFileReference; lastKnownFileType = sourcecode.c.h; path = ViewController.h; sourceTree = "<group>"; };
		C5F7B84E17B9E84E00FB6223 /* ViewController.m */ = {isa = PBXFileReference; lastKnownFileType = sourcecode.c.objc; path = ViewController.m; sourceTree = "<group>"; };
		C5F7B85017B9E84E00FB6223 /* Images.xcassets */ = {isa = PBXFileReference; lastKnownFileType = folder.assetcatalog; path = Images.xcassets; sourceTree = "<group>"; };
		C5F7B85617B9E84E00FB6223 /* iKFUTests.xctest */ = {isa = PBXFileReference; explicitFileType = wrapper.cfbundle; includeInIndex = 0; path = iKFUTests.xctest; sourceTree = BUILT_PRODUCTS_DIR; };
		C5F7B85717B9E84E00FB6223 /* XCTest.framework */ = {isa = PBXFileReference; lastKnownFileType = wrapper.framework; name = XCTest.framework; path = Library/Frameworks/XCTest.framework; sourceTree = DEVELOPER_DIR; };
		C5F7B85F17B9E84E00FB6223 /* iKFUTests-Info.plist */ = {isa = PBXFileReference; lastKnownFileType = text.plist.xml; path = "iKFUTests-Info.plist"; sourceTree = "<group>"; };
		C5F7B86117B9E84E00FB6223 /* en */ = {isa = PBXFileReference; lastKnownFileType = text.plist.strings; name = en; path = en.lproj/InfoPlist.strings; sourceTree = "<group>"; };
		C5F7B86317B9E84E00FB6223 /* iKFUTests.m */ = {isa = PBXFileReference; lastKnownFileType = sourcecode.c.objc; path = iKFUTests.m; sourceTree = "<group>"; };
		C5F7B86E17B9E88500FB6223 /* Core.h */ = {isa = PBXFileReference; lastKnownFileType = sourcecode.c.h; path = Core.h; sourceTree = "<group>"; };
		C5F7B86F17B9E88500FB6223 /* Core.m */ = {isa = PBXFileReference; lastKnownFileType = sourcecode.c.objc; path = Core.m; sourceTree = "<group>"; };
		CE37E42217BE3348008D4CAA /* %d0%b4%d0%be%d0%b1%d0%b0%d0%b2%d0%b8%d1%82%d1%8c%20%d0%bc%d0%b5%d1%80%d0%be%d0%bf%d1%80%d0%b8%d1%8f%d1%82%d0%b8%d0%b5-1.jpg */ = {isa = PBXFileReference; lastKnownFileType = image.jpeg; path = "%d0%b4%d0%be%d0%b1%d0%b0%d0%b2%d0%b8%d1%82%d1%8c%20%d0%bc%d0%b5%d1%80%d0%be%d0%bf%d1%80%d0%b8%d1%8f%d1%82%d0%b8%d0%b5-1.jpg"; sourceTree = "<group>"; };
		CE37E42317BE3348008D4CAA /* %d0%b4%d0%be%d0%b1%d0%b0%d0%b2%d0%b8%d1%82%d1%8c%20%d0%bc%d0%b5%d1%80%d0%be%d0%bf%d1%80%d0%b8%d1%8f%d1%82%d0%b8%d0%b5.jpg */ = {isa = PBXFileReference; lastKnownFileType = image.jpeg; path = "%d0%b4%d0%be%d0%b1%d0%b0%d0%b2%d0%b8%d1%82%d1%8c%20%d0%bc%d0%b5%d1%80%d0%be%d0%bf%d1%80%d0%b8%d1%8f%d1%82%d0%b8%d0%b5.jpg"; sourceTree = "<group>"; };
		CE37E42417BE3348008D4CAA /* %d0%bb%d0%b8%d1%87%d0%bd%d1%8b%d0%b9%20%d0%ba%d0%b0%d0%b1%d0%b8%d0%bd%d0%b5%d1%82.jpg */ = {isa = PBXFileReference; lastKnownFileType = image.jpeg; path = "%d0%bb%d0%b8%d1%87%d0%bd%d1%8b%d0%b9%20%d0%ba%d0%b0%d0%b1%d0%b8%d0%bd%d0%b5%d1%82.jpg"; sourceTree = "<group>"; };
		CE37E42517BE3348008D4CAA /* %d0%bc%d0%b5%d1%80%d0%be%d0%bf%d1%80%d0%b8%d1%8f%d1%82%d0%b8%d1%8f-1.jpg */ = {isa = PBXFileReference; lastKnownFileType = image.jpeg; path = "%d0%bc%d0%b5%d1%80%d0%be%d0%bf%d1%80%d0%b8%d1%8f%d1%82%d0%b8%d1%8f-1.jpg"; sourceTree = "<group>"; };
		CE37E42617BE3348008D4CAA /* %d0%bc%d0%b5%d1%80%d0%be%d0%bf%d1%80%d0%b8%d1%8f%d1%82%d0%b8%d1%8f.jpg */ = {isa = PBXFileReference; lastKnownFileType = image.jpeg; path = "%d0%bc%d0%b5%d1%80%d0%be%d0%bf%d1%80%d0%b8%d1%8f%d1%82%d0%b8%d1%8f.jpg"; sourceTree = "<group>"; };
		CE37E42717BE3348008D4CAA /* %d0%be%d0%b6%d0%b8%d0%b4%d0%b0%d1%8e%d1%82.jpg */ = {isa = PBXFileReference; lastKnownFileType = image.jpeg; path = "%d0%be%d0%b6%d0%b8%d0%b4%d0%b0%d1%8e%d1%82.jpg"; sourceTree = "<group>"; };
		CE37E42817BE3348008D4CAA /* %d0%be%d1%82%d0%ba%d0%b0%d0%b7%d0%b0%d0%bd%d0%be.jpg */ = {isa = PBXFileReference; lastKnownFileType = image.jpeg; path = "%d0%be%d1%82%d0%ba%d0%b0%d0%b7%d0%b0%d0%bd%d0%be.jpg"; sourceTree = "<group>"; };
		CE37E42917BE3348008D4CAA /* %d0%bf%d0%be%d0%b4%d1%82%d0%b2%d0%b5%d1%80%d0%b6%d0%b4%d0%b5%d0%bd%d1%8b-1.jpg */ = {isa = PBXFileReference; lastKnownFileType = image.jpeg; path = "%d0%bf%d0%be%d0%b4%d1%82%d0%b2%d0%b5%d1%80%d0%b6%d0%b4%d0%b5%d0%bd%d1%8b-1.jpg"; sourceTree = "<group>"; };
		CE37E42A17BE3348008D4CAA /* %d0%bf%d0%be%d0%b4%d1%82%d0%b2%d0%b5%d1%80%d0%b6%d0%b4%d0%b5%d0%bd%d1%8b.jpg */ = {isa = PBXFileReference; lastKnownFileType = image.jpeg; path = "%d0%bf%d0%be%d0%b4%d1%82%d0%b2%d0%b5%d1%80%d0%b6%d0%b4%d0%b5%d0%bd%d1%8b.jpg"; sourceTree = "<group>"; };
		CE37E42B17BE3348008D4CAA /* %d1%81%d0%bf%d1%80%d0%b0%d0%b2%d0%ba%d0%b0-1.jpg */ = {isa = PBXFileReference; lastKnownFileType = image.jpeg; path = "%d1%81%d0%bf%d1%80%d0%b0%d0%b2%d0%ba%d0%b0-1.jpg"; sourceTree = "<group>"; };
		CE37E42C17BE3348008D4CAA /* %d1%81%d0%bf%d1%80%d0%b0%d0%b2%d0%ba%d0%b0.jpg */ = {isa = PBXFileReference; lastKnownFileType = image.jpeg; path = "%d1%81%d0%bf%d1%80%d0%b0%d0%b2%d0%ba%d0%b0.jpg"; sourceTree = "<group>"; };
		CE37E42D17BE3348008D4CAA /* facebook_login.png */ = {isa = PBXFileReference; lastKnownFileType = image.png; path = facebook_login.png; sourceTree = "<group>"; };
		CE37E42E17BE3348008D4CAA /* login_with_vkontakte.png */ = {isa = PBXFileReference; lastKnownFileType = image.png; path = login_with_vkontakte.png; sourceTree = "<group>"; };
		CE37E42F17BE3348008D4CAA /* голубая копочка.jpg */ = {isa = PBXFileReference; lastKnownFileType = image.jpeg; path = "голубая копочка.jpg"; sourceTree = "<group>"; };
		CE37E43017BE3348008D4CAA /* дом-1.png */ = {isa = PBXFileReference; lastKnownFileType = image.png; path = "дом-1.png"; sourceTree = "<group>"; };
		CE37E43117BE3348008D4CAA /* дом.jpg */ = {isa = PBXFileReference; lastKnownFileType = image.jpeg; path = "дом.jpg"; sourceTree = "<group>"; };
		CE37E43217BE3348008D4CAA /* дом.png */ = {isa = PBXFileReference; lastKnownFileType = image.png; path = "дом.png"; sourceTree = "<group>"; };
		CE37E43317BE3348008D4CAA /* желтая кнопочка.jpg */ = {isa = PBXFileReference; lastKnownFileType = image.jpeg; path = "желтая кнопочка.jpg"; sourceTree = "<group>"; };
		CE37E43417BE3348008D4CAA /* зеленая кнопочка.jpg */ = {isa = PBXFileReference; lastKnownFileType = image.jpeg; path = "зеленая кнопочка.jpg"; sourceTree = "<group>"; };
		CE37E43517BE3348008D4CAA /* красная кнопочка.jpg */ = {isa = PBXFileReference; lastKnownFileType = image.jpeg; path = "красная кнопочка.jpg"; sourceTree = "<group>"; };
		CE37E43617BE3348008D4CAA /* помощь.png */ = {isa = PBXFileReference; lastKnownFileType = image.png; path = "помощь.png"; sourceTree = "<group>"; };
		CE37E43717BE3348008D4CAA /* сериая кнопочка.jpg */ = {isa = PBXFileReference; lastKnownFileType = image.jpeg; path = "сериая кнопочка.jpg"; sourceTree = "<group>"; };
		CE37E43817BE3348008D4CAA /* список.png */ = {isa = PBXFileReference; lastKnownFileType = image.png; path = "список.png"; sourceTree = "<group>"; };
		CE69D1C617BF79D70033E4C2 /* ProfileViewController.h */ = {isa = PBXFileReference; fileEncoding = 4; lastKnownFileType = sourcecode.c.h; path = ProfileViewController.h; sourceTree = "<group>"; };
		CE69D1C717BF79D70033E4C2 /* ProfileViewController.m */ = {isa = PBXFileReference; fileEncoding = 4; lastKnownFileType = sourcecode.c.objc; path = ProfileViewController.m; sourceTree = "<group>"; };
		CE90A2D417BCE4BC006933A8 /* VkViewController.h */ = {isa = PBXFileReference; fileEncoding = 4; lastKnownFileType = sourcecode.c.h; path = VkViewController.h; sourceTree = "<group>"; };
		CE90A2D517BCE4BC006933A8 /* VkViewController.m */ = {isa = PBXFileReference; fileEncoding = 4; lastKnownFileType = sourcecode.c.objc; path = VkViewController.m; sourceTree = "<group>"; };
		CE963C0E17BE0515003C4DF7 /* DescribeViewController.h */ = {isa = PBXFileReference; fileEncoding = 4; lastKnownFileType = sourcecode.c.h; path = DescribeViewController.h; sourceTree = "<group>"; };
		CE963C0F17BE0515003C4DF7 /* DescribeViewController.m */ = {isa = PBXFileReference; fileEncoding = 4; lastKnownFileType = sourcecode.c.objc; path = DescribeViewController.m; sourceTree = "<group>"; };
		CEA7ED2F17BE66B10027C334 /* APIDownload.h */ = {isa = PBXFileReference; lastKnownFileType = sourcecode.c.h; path = APIDownload.h; sourceTree = "<group>"; };
		CEA7ED3017BE66B10027C334 /* APIDownload.m */ = {isa = PBXFileReference; lastKnownFileType = sourcecode.c.objc; path = APIDownload.m; sourceTree = "<group>"; };
		CEA7ED3217BE66C00027C334 /* CDataScanner.h */ = {isa = PBXFileReference; lastKnownFileType = sourcecode.c.h; path = CDataScanner.h; sourceTree = "<group>"; };
		CEA7ED3317BE66C00027C334 /* CDataScanner.m */ = {isa = PBXFileReference; lastKnownFileType = sourcecode.c.objc; path = CDataScanner.m; sourceTree = "<group>"; };
		CEA7ED3417BE66C00027C334 /* CDataScanner_Extensions.h */ = {isa = PBXFileReference; lastKnownFileType = sourcecode.c.h; path = CDataScanner_Extensions.h; sourceTree = "<group>"; };
		CEA7ED3517BE66C00027C334 /* CDataScanner_Extensions.m */ = {isa = PBXFileReference; lastKnownFileType = sourcecode.c.objc; path = CDataScanner_Extensions.m; sourceTree = "<group>"; };
		CEA7ED3617BE66C00027C334 /* CFilteringJSONSerializer.h */ = {isa = PBXFileReference; lastKnownFileType = sourcecode.c.h; path = CFilteringJSONSerializer.h; sourceTree = "<group>"; };
		CEA7ED3717BE66C00027C334 /* CFilteringJSONSerializer.m */ = {isa = PBXFileReference; lastKnownFileType = sourcecode.c.objc; path = CFilteringJSONSerializer.m; sourceTree = "<group>"; };
		CEA7ED3817BE66C00027C334 /* CJSONDeserializer.h */ = {isa = PBXFileReference; lastKnownFileType = sourcecode.c.h; path = CJSONDeserializer.h; sourceTree = "<group>"; };
		CEA7ED3917BE66C00027C334 /* CJSONDeserializer.m */ = {isa = PBXFileReference; lastKnownFileType = sourcecode.c.objc; path = CJSONDeserializer.m; sourceTree = "<group>"; };
		CEA7ED3A17BE66C00027C334 /* CJSONDeserializer_BlocksExtensions.h */ = {isa = PBXFileReference; lastKnownFileType = sourcecode.c.h; path = CJSONDeserializer_BlocksExtensions.h; sourceTree = "<group>"; };
		CEA7ED3B17BE66C00027C334 /* CJSONDeserializer_BlocksExtensions.m */ = {isa = PBXFileReference; lastKnownFileType = sourcecode.c.objc; path = CJSONDeserializer_BlocksExtensions.m; sourceTree = "<group>"; };
		CEA7ED3C17BE66C00027C334 /* CJSONScanner.h */ = {isa = PBXFileReference; lastKnownFileType = sourcecode.c.h; path = CJSONScanner.h; sourceTree = "<group>"; };
		CEA7ED3D17BE66C00027C334 /* CJSONScanner.m */ = {isa = PBXFileReference; lastKnownFileType = sourcecode.c.objc; path = CJSONScanner.m; sourceTree = "<group>"; };
		CEA7ED3E17BE66C00027C334 /* CJSONSerialization.h */ = {isa = PBXFileReference; lastKnownFileType = sourcecode.c.h; path = CJSONSerialization.h; sourceTree = "<group>"; };
		CEA7ED3F17BE66C00027C334 /* CJSONSerialization.m */ = {isa = PBXFileReference; lastKnownFileType = sourcecode.c.objc; path = CJSONSerialization.m; sourceTree = "<group>"; };
		CEA7ED4017BE66C00027C334 /* CJSONSerializedData.h */ = {isa = PBXFileReference; lastKnownFileType = sourcecode.c.h; path = CJSONSerializedData.h; sourceTree = "<group>"; };
		CEA7ED4117BE66C00027C334 /* CJSONSerializedData.m */ = {isa = PBXFileReference; lastKnownFileType = sourcecode.c.objc; path = CJSONSerializedData.m; sourceTree = "<group>"; };
		CEA7ED4217BE66C00027C334 /* CJSONSerializer.h */ = {isa = PBXFileReference; lastKnownFileType = sourcecode.c.h; path = CJSONSerializer.h; sourceTree = "<group>"; };
		CEA7ED4317BE66C00027C334 /* CJSONSerializer.m */ = {isa = PBXFileReference; lastKnownFileType = sourcecode.c.objc; path = CJSONSerializer.m; sourceTree = "<group>"; };
		CEA7ED4417BE66C00027C334 /* JSONRepresentation.h */ = {isa = PBXFileReference; lastKnownFileType = sourcecode.c.h; path = JSONRepresentation.h; sourceTree = "<group>"; };
		CEA7ED4517BE66C00027C334 /* NSDictionary_JSONExtensions.h */ = {isa = PBXFileReference; lastKnownFileType = sourcecode.c.h; path = NSDictionary_JSONExtensions.h; sourceTree = "<group>"; };
		CEA7ED4617BE66C00027C334 /* NSDictionary_JSONExtensions.m */ = {isa = PBXFileReference; lastKnownFileType = sourcecode.c.objc; path = NSDictionary_JSONExtensions.m; sourceTree = "<group>"; };
		CEC25E5C17BE75CE00DD6870 /* ParcerSortAddData.h */ = {isa = PBXFileReference; fileEncoding = 4; lastKnownFileType = sourcecode.c.h; path = ParcerSortAddData.h; sourceTree = "<group>"; };
		CEC25E5D17BE75CE00DD6870 /* ParcerSortAddData.m */ = {isa = PBXFileReference; fileEncoding = 4; lastKnownFileType = sourcecode.c.objc; path = ParcerSortAddData.m; sourceTree = "<group>"; };
/* End PBXFileReference section */

/* Begin PBXFrameworksBuildPhase section */
		C5F7B83217B9E84E00FB6223 /* Frameworks */ = {
			isa = PBXFrameworksBuildPhase;
			buildActionMask = 2147483647;
			files = (
				C5F7B83B17B9E84E00FB6223 /* CoreGraphics.framework in Frameworks */,
				C5F7B83D17B9E84E00FB6223 /* UIKit.framework in Frameworks */,
				C5F7B83917B9E84E00FB6223 /* Foundation.framework in Frameworks */,
			);
			runOnlyForDeploymentPostprocessing = 0;
		};
		C5F7B85317B9E84E00FB6223 /* Frameworks */ = {
			isa = PBXFrameworksBuildPhase;
			buildActionMask = 2147483647;
			files = (
				C5F7B85817B9E84E00FB6223 /* XCTest.framework in Frameworks */,
				C5F7B85A17B9E84E00FB6223 /* UIKit.framework in Frameworks */,
				C5F7B85917B9E84E00FB6223 /* Foundation.framework in Frameworks */,
			);
			runOnlyForDeploymentPostprocessing = 0;
		};
/* End PBXFrameworksBuildPhase section */

/* Begin PBXGroup section */
		C5F7B82C17B9E84E00FB6223 = {
			isa = PBXGroup;
			children = (
				C5F7B83E17B9E84E00FB6223 /* iKFU */,
				C5F7B85D17B9E84E00FB6223 /* iKFUTests */,
				C5F7B83717B9E84E00FB6223 /* Frameworks */,
				C5F7B83617B9E84E00FB6223 /* Products */,
			);
			sourceTree = "<group>";
		};
		C5F7B83617B9E84E00FB6223 /* Products */ = {
			isa = PBXGroup;
			children = (
				C5F7B83517B9E84E00FB6223 /* iKFU.app */,
				C5F7B85617B9E84E00FB6223 /* iKFUTests.xctest */,
			);
			name = Products;
			sourceTree = "<group>";
		};
		C5F7B83717B9E84E00FB6223 /* Frameworks */ = {
			isa = PBXGroup;
			children = (
				C5F7B83817B9E84E00FB6223 /* Foundation.framework */,
				C5F7B83A17B9E84E00FB6223 /* CoreGraphics.framework */,
				C5F7B83C17B9E84E00FB6223 /* UIKit.framework */,
				C5F7B85717B9E84E00FB6223 /* XCTest.framework */,
			);
			name = Frameworks;
			sourceTree = "<group>";
		};
		C5F7B83E17B9E84E00FB6223 /* iKFU */ = {
			isa = PBXGroup;
			children = (
				CE90A2D017BCE38F006933A8 /* ESI */,
				C5F7B87017B9E88B00FB6223 /* UI */,
				C5F7B86D17B9E86D00FB6223 /* Core */,
				C5F7B84717B9E84E00FB6223 /* AppDelegate.h */,
				C5F7B84817B9E84E00FB6223 /* AppDelegate.m */,
				C5F7B85017B9E84E00FB6223 /* Images.xcassets */,
				C5F7B83F17B9E84E00FB6223 /* Supporting Files */,
			);
			path = iKFU;
			sourceTree = "<group>";
		};
		C5F7B83F17B9E84E00FB6223 /* Supporting Files */ = {
			isa = PBXGroup;
			children = (
				CE37E42217BE3348008D4CAA /* %d0%b4%d0%be%d0%b1%d0%b0%d0%b2%d0%b8%d1%82%d1%8c%20%d0%bc%d0%b5%d1%80%d0%be%d0%bf%d1%80%d0%b8%d1%8f%d1%82%d0%b8%d0%b5-1.jpg */,
				CE37E42317BE3348008D4CAA /* %d0%b4%d0%be%d0%b1%d0%b0%d0%b2%d0%b8%d1%82%d1%8c%20%d0%bc%d0%b5%d1%80%d0%be%d0%bf%d1%80%d0%b8%d1%8f%d1%82%d0%b8%d0%b5.jpg */,
				CE37E42417BE3348008D4CAA /* %d0%bb%d0%b8%d1%87%d0%bd%d1%8b%d0%b9%20%d0%ba%d0%b0%d0%b1%d0%b8%d0%bd%d0%b5%d1%82.jpg */,
				CE37E42517BE3348008D4CAA /* %d0%bc%d0%b5%d1%80%d0%be%d0%bf%d1%80%d0%b8%d1%8f%d1%82%d0%b8%d1%8f-1.jpg */,
				CE37E42617BE3348008D4CAA /* %d0%bc%d0%b5%d1%80%d0%be%d0%bf%d1%80%d0%b8%d1%8f%d1%82%d0%b8%d1%8f.jpg */,
				CE37E42717BE3348008D4CAA /* %d0%be%d0%b6%d0%b8%d0%b4%d0%b0%d1%8e%d1%82.jpg */,
				CE37E42817BE3348008D4CAA /* %d0%be%d1%82%d0%ba%d0%b0%d0%b7%d0%b0%d0%bd%d0%be.jpg */,
				CE37E42917BE3348008D4CAA /* %d0%bf%d0%be%d0%b4%d1%82%d0%b2%d0%b5%d1%80%d0%b6%d0%b4%d0%b5%d0%bd%d1%8b-1.jpg */,
				CE37E42A17BE3348008D4CAA /* %d0%bf%d0%be%d0%b4%d1%82%d0%b2%d0%b5%d1%80%d0%b6%d0%b4%d0%b5%d0%bd%d1%8b.jpg */,
				CE37E42B17BE3348008D4CAA /* %d1%81%d0%bf%d1%80%d0%b0%d0%b2%d0%ba%d0%b0-1.jpg */,
				CE37E42C17BE3348008D4CAA /* %d1%81%d0%bf%d1%80%d0%b0%d0%b2%d0%ba%d0%b0.jpg */,
				CE37E42D17BE3348008D4CAA /* facebook_login.png */,
				CE37E42E17BE3348008D4CAA /* login_with_vkontakte.png */,
				CE37E42F17BE3348008D4CAA /* голубая копочка.jpg */,
				CE37E43017BE3348008D4CAA /* дом-1.png */,
				CE37E43117BE3348008D4CAA /* дом.jpg */,
				CE37E43217BE3348008D4CAA /* дом.png */,
				CE37E43317BE3348008D4CAA /* желтая кнопочка.jpg */,
				CE37E43417BE3348008D4CAA /* зеленая кнопочка.jpg */,
				CE37E43517BE3348008D4CAA /* красная кнопочка.jpg */,
				CE37E43617BE3348008D4CAA /* помощь.png */,
				CE37E43717BE3348008D4CAA /* сериая кнопочка.jpg */,
				CE37E43817BE3348008D4CAA /* список.png */,
				C5F7B84017B9E84E00FB6223 /* iKFU-Info.plist */,
				C5F7B84117B9E84E00FB6223 /* InfoPlist.strings */,
				C5F7B84417B9E84E00FB6223 /* main.m */,
				C5F7B84617B9E84E00FB6223 /* iKFU-Prefix.pch */,
			);
			name = "Supporting Files";
			sourceTree = "<group>";
		};
		C5F7B85D17B9E84E00FB6223 /* iKFUTests */ = {
			isa = PBXGroup;
			children = (
				C5F7B86317B9E84E00FB6223 /* iKFUTests.m */,
				C5F7B85E17B9E84E00FB6223 /* Supporting Files */,
			);
			path = iKFUTests;
			sourceTree = "<group>";
		};
		C5F7B85E17B9E84E00FB6223 /* Supporting Files */ = {
			isa = PBXGroup;
			children = (
				C5F7B85F17B9E84E00FB6223 /* iKFUTests-Info.plist */,
				C5F7B86017B9E84E00FB6223 /* InfoPlist.strings */,
			);
			name = "Supporting Files";
			sourceTree = "<group>";
		};
		C5F7B86D17B9E86D00FB6223 /* Core */ = {
			isa = PBXGroup;
			children = (
				CE69D1C517BF79C00033E4C2 /* Profile */,
				CE963C0D17BE04C9003C4DF7 /* DescribeEvents */,
				C5F7B86E17B9E88500FB6223 /* Core.h */,
				C5F7B86F17B9E88500FB6223 /* Core.m */,
			);
			name = Core;
			sourceTree = "<group>";
		};
		C5F7B87017B9E88B00FB6223 /* UI */ = {
			isa = PBXGroup;
			children = (
				C5F7B84A17B9E84E00FB6223 /* Main.storyboard */,
				C5F7B84D17B9E84E00FB6223 /* ViewController.h */,
				C5F7B84E17B9E84E00FB6223 /* ViewController.m */,
			);
			name = UI;
			sourceTree = "<group>";
		};
		CE69D1C517BF79C00033E4C2 /* Profile */ = {
			isa = PBXGroup;
			children = (
				CE69D1C617BF79D70033E4C2 /* ProfileViewController.h */,
				CE69D1C717BF79D70033E4C2 /* ProfileViewController.m */,
			);
			name = Profile;
			sourceTree = "<group>";
		};
		CE90A2D017BCE38F006933A8 /* ESI */ = {
			isa = PBXGroup;
			children = (
				CEA7ED2417BE50D10027C334 /* GetServer */,
				CE90A2D417BCE4BC006933A8 /* VkViewController.h */,
				CE90A2D517BCE4BC006933A8 /* VkViewController.m */,
			);
			name = ESI;
			sourceTree = "<group>";
		};
		CE963C0D17BE04C9003C4DF7 /* DescribeEvents */ = {
			isa = PBXGroup;
			children = (
				CE963C0E17BE0515003C4DF7 /* DescribeViewController.h */,
				CE963C0F17BE0515003C4DF7 /* DescribeViewController.m */,
			);
			name = DescribeEvents;
			sourceTree = "<group>";
		};
		CEA7ED2417BE50D10027C334 /* GetServer */ = {
			isa = PBXGroup;
			children = (
				CEA7ED3117BE66C00027C334 /* TouchJSON */,
				CEA7ED2E17BE66B10027C334 /* APIDownload */,
				CEC25E5C17BE75CE00DD6870 /* ParcerSortAddData.h */,
				CEC25E5D17BE75CE00DD6870 /* ParcerSortAddData.m */,
			);
			name = GetServer;
			sourceTree = "<group>";
		};
		CEA7ED2E17BE66B10027C334 /* APIDownload */ = {
			isa = PBXGroup;
			children = (
				CEA7ED2F17BE66B10027C334 /* APIDownload.h */,
				CEA7ED3017BE66B10027C334 /* APIDownload.m */,
			);
			path = APIDownload;
			sourceTree = "<group>";
		};
		CEA7ED3117BE66C00027C334 /* TouchJSON */ = {
			isa = PBXGroup;
			children = (
				CEA7ED3217BE66C00027C334 /* CDataScanner.h */,
				CEA7ED3317BE66C00027C334 /* CDataScanner.m */,
				CEA7ED3417BE66C00027C334 /* CDataScanner_Extensions.h */,
				CEA7ED3517BE66C00027C334 /* CDataScanner_Extensions.m */,
				CEA7ED3617BE66C00027C334 /* CFilteringJSONSerializer.h */,
				CEA7ED3717BE66C00027C334 /* CFilteringJSONSerializer.m */,
				CEA7ED3817BE66C00027C334 /* CJSONDeserializer.h */,
				CEA7ED3917BE66C00027C334 /* CJSONDeserializer.m */,
				CEA7ED3A17BE66C00027C334 /* CJSONDeserializer_BlocksExtensions.h */,
				CEA7ED3B17BE66C00027C334 /* CJSONDeserializer_BlocksExtensions.m */,
				CEA7ED3C17BE66C00027C334 /* CJSONScanner.h */,
				CEA7ED3D17BE66C00027C334 /* CJSONScanner.m */,
				CEA7ED3E17BE66C00027C334 /* CJSONSerialization.h */,
				CEA7ED3F17BE66C00027C334 /* CJSONSerialization.m */,
				CEA7ED4017BE66C00027C334 /* CJSONSerializedData.h */,
				CEA7ED4117BE66C00027C334 /* CJSONSerializedData.m */,
				CEA7ED4217BE66C00027C334 /* CJSONSerializer.h */,
				CEA7ED4317BE66C00027C334 /* CJSONSerializer.m */,
				CEA7ED4417BE66C00027C334 /* JSONRepresentation.h */,
				CEA7ED4517BE66C00027C334 /* NSDictionary_JSONExtensions.h */,
				CEA7ED4617BE66C00027C334 /* NSDictionary_JSONExtensions.m */,
			);
			path = TouchJSON;
			sourceTree = "<group>";
		};
/* End PBXGroup section */

/* Begin PBXNativeTarget section */
		C5F7B83417B9E84E00FB6223 /* iKFU */ = {
			isa = PBXNativeTarget;
			buildConfigurationList = C5F7B86717B9E84E00FB6223 /* Build configuration list for PBXNativeTarget "iKFU" */;
			buildPhases = (
				C5F7B83117B9E84E00FB6223 /* Sources */,
				C5F7B83217B9E84E00FB6223 /* Frameworks */,
				C5F7B83317B9E84E00FB6223 /* Resources */,
			);
			buildRules = (
			);
			dependencies = (
			);
			name = iKFU;
			productName = iKFU;
			productReference = C5F7B83517B9E84E00FB6223 /* iKFU.app */;
			productType = "com.apple.product-type.application";
		};
		C5F7B85517B9E84E00FB6223 /* iKFUTests */ = {
			isa = PBXNativeTarget;
			buildConfigurationList = C5F7B86A17B9E84E00FB6223 /* Build configuration list for PBXNativeTarget "iKFUTests" */;
			buildPhases = (
				C5F7B85217B9E84E00FB6223 /* Sources */,
				C5F7B85317B9E84E00FB6223 /* Frameworks */,
				C5F7B85417B9E84E00FB6223 /* Resources */,
			);
			buildRules = (
			);
			dependencies = (
				C5F7B85C17B9E84E00FB6223 /* PBXTargetDependency */,
			);
			name = iKFUTests;
			productName = iKFUTests;
			productReference = C5F7B85617B9E84E00FB6223 /* iKFUTests.xctest */;
			productType = "com.apple.product-type.bundle.unit-test";
		};
/* End PBXNativeTarget section */

/* Begin PBXProject section */
		C5F7B82D17B9E84E00FB6223 /* Project object */ = {
			isa = PBXProject;
			attributes = {
				LastUpgradeCheck = 0500;
				ORGANIZATIONNAME = "Ramil Garaev";
				TargetAttributes = {
					C5F7B85517B9E84E00FB6223 = {
						TestTargetID = C5F7B83417B9E84E00FB6223;
					};
				};
			};
			buildConfigurationList = C5F7B83017B9E84E00FB6223 /* Build configuration list for PBXProject "iKFU" */;
			compatibilityVersion = "Xcode 3.2";
			developmentRegion = English;
			hasScannedForEncodings = 0;
			knownRegions = (
				en,
				Base,
			);
			mainGroup = C5F7B82C17B9E84E00FB6223;
			productRefGroup = C5F7B83617B9E84E00FB6223 /* Products */;
			projectDirPath = "";
			projectRoot = "";
			targets = (
				C5F7B83417B9E84E00FB6223 /* iKFU */,
				C5F7B85517B9E84E00FB6223 /* iKFUTests */,
			);
		};
/* End PBXProject section */

/* Begin PBXResourcesBuildPhase section */
		C5F7B83317B9E84E00FB6223 /* Resources */ = {
			isa = PBXResourcesBuildPhase;
			buildActionMask = 2147483647;
			files = (
				CE37E44217BE3348008D4CAA /* %d1%81%d0%bf%d1%80%d0%b0%d0%b2%d0%ba%d0%b0-1.jpg in Resources */,
				CE37E44D17BE3348008D4CAA /* помощь.png in Resources */,
				CE37E43E17BE3348008D4CAA /* %d0%be%d0%b6%d0%b8%d0%b4%d0%b0%d1%8e%d1%82.jpg in Resources */,
				CE37E44A17BE3348008D4CAA /* желтая кнопочка.jpg in Resources */,
				CE37E44117BE3348008D4CAA /* %d0%bf%d0%be%d0%b4%d1%82%d0%b2%d0%b5%d1%80%d0%b6%d0%b4%d0%b5%d0%bd%d1%8b.jpg in Resources */,
				C5F7B85117B9E84E00FB6223 /* Images.xcassets in Resources */,
				CE37E43D17BE3348008D4CAA /* %d0%bc%d0%b5%d1%80%d0%be%d0%bf%d1%80%d0%b8%d1%8f%d1%82%d0%b8%d1%8f.jpg in Resources */,
				CE37E44517BE3348008D4CAA /* login_with_vkontakte.png in Resources */,
				CE37E44F17BE3348008D4CAA /* список.png in Resources */,
				C5F7B84317B9E84E00FB6223 /* InfoPlist.strings in Resources */,
				CE37E44B17BE3348008D4CAA /* зеленая кнопочка.jpg in Resources */,
				CE37E43A17BE3348008D4CAA /* %d0%b4%d0%be%d0%b1%d0%b0%d0%b2%d0%b8%d1%82%d1%8c%20%d0%bc%d0%b5%d1%80%d0%be%d0%bf%d1%80%d0%b8%d1%8f%d1%82%d0%b8%d0%b5.jpg in Resources */,
				CE37E44917BE3348008D4CAA /* дом.png in Resources */,
				CE37E44817BE3348008D4CAA /* дом.jpg in Resources */,
				CE37E44E17BE3348008D4CAA /* сериая кнопочка.jpg in Resources */,
				CE37E44017BE3348008D4CAA /* %d0%bf%d0%be%d0%b4%d1%82%d0%b2%d0%b5%d1%80%d0%b6%d0%b4%d0%b5%d0%bd%d1%8b-1.jpg in Resources */,
				CE37E43B17BE3348008D4CAA /* %d0%bb%d0%b8%d1%87%d0%bd%d1%8b%d0%b9%20%d0%ba%d0%b0%d0%b1%d0%b8%d0%bd%d0%b5%d1%82.jpg in Resources */,
				CE37E44717BE3348008D4CAA /* дом-1.png in Resources */,
				CE37E44317BE3348008D4CAA /* %d1%81%d0%bf%d1%80%d0%b0%d0%b2%d0%ba%d0%b0.jpg in Resources */,
				CE37E44417BE3348008D4CAA /* facebook_login.png in Resources */,
				CE37E43F17BE3348008D4CAA /* %d0%be%d1%82%d0%ba%d0%b0%d0%b7%d0%b0%d0%bd%d0%be.jpg in Resources */,
				CE37E44617BE3348008D4CAA /* голубая копочка.jpg in Resources */,
				CE37E43C17BE3348008D4CAA /* %d0%bc%d0%b5%d1%80%d0%be%d0%bf%d1%80%d0%b8%d1%8f%d1%82%d0%b8%d1%8f-1.jpg in Resources */,
				CE37E44C17BE3348008D4CAA /* красная кнопочка.jpg in Resources */,
				CE37E43917BE3348008D4CAA /* %d0%b4%d0%be%d0%b1%d0%b0%d0%b2%d0%b8%d1%82%d1%8c%20%d0%bc%d0%b5%d1%80%d0%be%d0%bf%d1%80%d0%b8%d1%8f%d1%82%d0%b8%d0%b5-1.jpg in Resources */,
				C5F7B84C17B9E84E00FB6223 /* Main.storyboard in Resources */,
			);
			runOnlyForDeploymentPostprocessing = 0;
		};
		C5F7B85417B9E84E00FB6223 /* Resources */ = {
			isa = PBXResourcesBuildPhase;
			buildActionMask = 2147483647;
			files = (
				C5F7B86217B9E84E00FB6223 /* InfoPlist.strings in Resources */,
			);
			runOnlyForDeploymentPostprocessing = 0;
		};
/* End PBXResourcesBuildPhase section */

/* Begin PBXSourcesBuildPhase section */
		C5F7B83117B9E84E00FB6223 /* Sources */ = {
			isa = PBXSourcesBuildPhase;
			buildActionMask = 2147483647;
			files = (
				CEC25E6217BE851600DD6870 /* CDataScanner.m in Sources */,
				CEC25E6317BE851600DD6870 /* CDataScanner_Extensions.m in Sources */,
				CEC25E6417BE851600DD6870 /* CFilteringJSONSerializer.m in Sources */,
				CEC25E6517BE851600DD6870 /* CJSONDeserializer_BlocksExtensions.m in Sources */,
				CEC25E6617BE851600DD6870 /* CJSONSerialization.m in Sources */,
				CEC25E6717BE851600DD6870 /* CJSONSerializedData.m in Sources */,
				CEC25E6817BE851600DD6870 /* CJSONSerializer.m in Sources */,
				CEC25E6917BE851600DD6870 /* NSDictionary_JSONExtensions.m in Sources */,
				CEC25E6117BE84CA00DD6870 /* CJSONScanner.m in Sources */,
				CEC25E5F17BE84B300DD6870 /* CJSONDeserializer.m in Sources */,
				CE69D1C817BF79D70033E4C2 /* ProfileViewController.m in Sources */,
				CEC25E6017BE84B300DD6870 /* APIDownload.m in Sources */,
				C5F7B84F17B9E84E00FB6223 /* ViewController.m in Sources */,
				CE90A2D617BCE4BC006933A8 /* VkViewController.m in Sources */,
				CEC25E5E17BE75CE00DD6870 /* ParcerSortAddData.m in Sources */,
				C5F7B84917B9E84E00FB6223 /* AppDelegate.m in Sources */,
				CE963C1017BE0515003C4DF7 /* DescribeViewController.m in Sources */,
				C5F7B84517B9E84E00FB6223 /* main.m in Sources */,
			);
			runOnlyForDeploymentPostprocessing = 0;
		};
		C5F7B85217B9E84E00FB6223 /* Sources */ = {
			isa = PBXSourcesBuildPhase;
			buildActionMask = 2147483647;
			files = (
				C5F7B86417B9E84E00FB6223 /* iKFUTests.m in Sources */,
			);
			runOnlyForDeploymentPostprocessing = 0;
		};
/* End PBXSourcesBuildPhase section */

/* Begin PBXTargetDependency section */
		C5F7B85C17B9E84E00FB6223 /* PBXTargetDependency */ = {
			isa = PBXTargetDependency;
			target = C5F7B83417B9E84E00FB6223 /* iKFU */;
			targetProxy = C5F7B85B17B9E84E00FB6223 /* PBXContainerItemProxy */;
		};
/* End PBXTargetDependency section */

/* Begin PBXVariantGroup section */
		C5F7B84117B9E84E00FB6223 /* InfoPlist.strings */ = {
			isa = PBXVariantGroup;
			children = (
				C5F7B84217B9E84E00FB6223 /* en */,
			);
			name = InfoPlist.strings;
			sourceTree = "<group>";
		};
		C5F7B84A17B9E84E00FB6223 /* Main.storyboard */ = {
			isa = PBXVariantGroup;
			children = (
				C5F7B84B17B9E84E00FB6223 /* Base */,
			);
			name = Main.storyboard;
			sourceTree = "<group>";
		};
		C5F7B86017B9E84E00FB6223 /* InfoPlist.strings */ = {
			isa = PBXVariantGroup;
			children = (
				C5F7B86117B9E84E00FB6223 /* en */,
			);
			name = InfoPlist.strings;
			sourceTree = "<group>";
		};
/* End PBXVariantGroup section */

/* Begin XCBuildConfiguration section */
		C5F7B86517B9E84E00FB6223 /* Debug */ = {
			isa = XCBuildConfiguration;
			buildSettings = {
				ALWAYS_SEARCH_USER_PATHS = NO;
				CLANG_CXX_LANGUAGE_STANDARD = "gnu++0x";
				CLANG_CXX_LIBRARY = "libc++";
				CLANG_ENABLE_MODULES = YES;
				CLANG_ENABLE_OBJC_ARC = YES;
				CLANG_WARN_BOOL_CONVERSION = YES;
				CLANG_WARN_CONSTANT_CONVERSION = YES;
				CLANG_WARN_DIRECT_OBJC_ISA_USAGE = YES_ERROR;
				CLANG_WARN_EMPTY_BODY = YES;
				CLANG_WARN_ENUM_CONVERSION = YES;
				CLANG_WARN_INT_CONVERSION = YES;
				CLANG_WARN_OBJC_ROOT_CLASS = YES_ERROR;
				CLANG_WARN__DUPLICATE_METHOD_MATCH = YES;
				"CODE_SIGN_IDENTITY[sdk=iphoneos*]" = "iPhone Developer";
				COPY_PHASE_STRIP = NO;
				GCC_C_LANGUAGE_STANDARD = gnu99;
				GCC_DYNAMIC_NO_PIC = NO;
				GCC_OPTIMIZATION_LEVEL = 0;
				GCC_PREPROCESSOR_DEFINITIONS = (
					"DEBUG=1",
					"$(inherited)",
				);
				GCC_SYMBOLS_PRIVATE_EXTERN = NO;
				GCC_WARN_ABOUT_RETURN_TYPE = YES_ERROR;
				GCC_WARN_UNDECLARED_SELECTOR = YES;
				GCC_WARN_UNINITIALIZED_AUTOS = YES;
				GCC_WARN_UNUSED_FUNCTION = YES;
				GCC_WARN_UNUSED_VARIABLE = YES;
				IPHONEOS_DEPLOYMENT_TARGET = 7.0;
				ONLY_ACTIVE_ARCH = YES;
				SDKROOT = iphoneos;
			};
			name = Debug;
		};
		C5F7B86617B9E84E00FB6223 /* Release */ = {
			isa = XCBuildConfiguration;
			buildSettings = {
				ALWAYS_SEARCH_USER_PATHS = NO;
				CLANG_CXX_LANGUAGE_STANDARD = "gnu++0x";
				CLANG_CXX_LIBRARY = "libc++";
				CLANG_ENABLE_MODULES = YES;
				CLANG_ENABLE_OBJC_ARC = YES;
				CLANG_WARN_BOOL_CONVERSION = YES;
				CLANG_WARN_CONSTANT_CONVERSION = YES;
				CLANG_WARN_DIRECT_OBJC_ISA_USAGE = YES_ERROR;
				CLANG_WARN_EMPTY_BODY = YES;
				CLANG_WARN_ENUM_CONVERSION = YES;
				CLANG_WARN_INT_CONVERSION = YES;
				CLANG_WARN_OBJC_ROOT_CLASS = YES_ERROR;
				CLANG_WARN__DUPLICATE_METHOD_MATCH = YES;
				"CODE_SIGN_IDENTITY[sdk=iphoneos*]" = "iPhone Developer";
				COPY_PHASE_STRIP = YES;
				ENABLE_NS_ASSERTIONS = NO;
				GCC_C_LANGUAGE_STANDARD = gnu99;
				GCC_WARN_ABOUT_RETURN_TYPE = YES_ERROR;
				GCC_WARN_UNDECLARED_SELECTOR = YES;
				GCC_WARN_UNINITIALIZED_AUTOS = YES;
				GCC_WARN_UNUSED_FUNCTION = YES;
				GCC_WARN_UNUSED_VARIABLE = YES;
				IPHONEOS_DEPLOYMENT_TARGET = 7.0;
				SDKROOT = iphoneos;
				VALIDATE_PRODUCT = YES;
			};
			name = Release;
		};
		C5F7B86817B9E84E00FB6223 /* Debug */ = {
			isa = XCBuildConfiguration;
			buildSettings = {
				ASSETCATALOG_COMPILER_APPICON_NAME = AppIcon;
				ASSETCATALOG_COMPILER_LAUNCHIMAGE_NAME = LaunchImage;
				GCC_PRECOMPILE_PREFIX_HEADER = YES;
				GCC_PREFIX_HEADER = "iKFU/iKFU-Prefix.pch";
				INFOPLIST_FILE = "iKFU/iKFU-Info.plist";
				PRODUCT_NAME = "$(TARGET_NAME)";
				WRAPPER_EXTENSION = app;
			};
			name = Debug;
		};
		C5F7B86917B9E84E00FB6223 /* Release */ = {
			isa = XCBuildConfiguration;
			buildSettings = {
				ASSETCATALOG_COMPILER_APPICON_NAME = AppIcon;
				ASSETCATALOG_COMPILER_LAUNCHIMAGE_NAME = LaunchImage;
				GCC_PRECOMPILE_PREFIX_HEADER = YES;
				GCC_PREFIX_HEADER = "iKFU/iKFU-Prefix.pch";
				INFOPLIST_FILE = "iKFU/iKFU-Info.plist";
				PRODUCT_NAME = "$(TARGET_NAME)";
				WRAPPER_EXTENSION = app;
			};
			name = Release;
		};
		C5F7B86B17B9E84E00FB6223 /* Debug */ = {
			isa = XCBuildConfiguration;
			buildSettings = {
				BUNDLE_LOADER = "$(BUILT_PRODUCTS_DIR)/iKFU.app/iKFU";
				FRAMEWORK_SEARCH_PATHS = (
					"$(SDKROOT)/Developer/Library/Frameworks",
					"$(inherited)",
					"$(DEVELOPER_FRAMEWORKS_DIR)",
				);
				GCC_PRECOMPILE_PREFIX_HEADER = YES;
				GCC_PREFIX_HEADER = "iKFU/iKFU-Prefix.pch";
				GCC_PREPROCESSOR_DEFINITIONS = (
					"DEBUG=1",
					"$(inherited)",
				);
				INFOPLIST_FILE = "iKFUTests/iKFUTests-Info.plist";
				PRODUCT_NAME = "$(TARGET_NAME)";
				TEST_HOST = "$(BUNDLE_LOADER)";
				WRAPPER_EXTENSION = xctest;
			};
			name = Debug;
		};
		C5F7B86C17B9E84E00FB6223 /* Release */ = {
			isa = XCBuildConfiguration;
			buildSettings = {
				BUNDLE_LOADER = "$(BUILT_PRODUCTS_DIR)/iKFU.app/iKFU";
				FRAMEWORK_SEARCH_PATHS = (
					"$(SDKROOT)/Developer/Library/Frameworks",
					"$(inherited)",
					"$(DEVELOPER_FRAMEWORKS_DIR)",
				);
				GCC_PRECOMPILE_PREFIX_HEADER = YES;
				GCC_PREFIX_HEADER = "iKFU/iKFU-Prefix.pch";
				INFOPLIST_FILE = "iKFUTests/iKFUTests-Info.plist";
				PRODUCT_NAME = "$(TARGET_NAME)";
				TEST_HOST = "$(BUNDLE_LOADER)";
				WRAPPER_EXTENSION = xctest;
			};
			name = Release;
		};
/* End XCBuildConfiguration section */

/* Begin XCConfigurationList section */
		C5F7B83017B9E84E00FB6223 /* Build configuration list for PBXProject "iKFU" */ = {
			isa = XCConfigurationList;
			buildConfigurations = (
				C5F7B86517B9E84E00FB6223 /* Debug */,
				C5F7B86617B9E84E00FB6223 /* Release */,
			);
			defaultConfigurationIsVisible = 0;
			defaultConfigurationName = Release;
		};
		C5F7B86717B9E84E00FB6223 /* Build configuration list for PBXNativeTarget "iKFU" */ = {
			isa = XCConfigurationList;
			buildConfigurations = (
				C5F7B86817B9E84E00FB6223 /* Debug */,
				C5F7B86917B9E84E00FB6223 /* Release */,
			);
			defaultConfigurationIsVisible = 0;
			defaultConfigurationName = Release;
		};
		C5F7B86A17B9E84E00FB6223 /* Build configuration list for PBXNativeTarget "iKFUTests" */ = {
			isa = XCConfigurationList;
			buildConfigurations = (
				C5F7B86B17B9E84E00FB6223 /* Debug */,
				C5F7B86C17B9E84E00FB6223 /* Release */,
			);
			defaultConfigurationIsVisible = 0;
			defaultConfigurationName = Release;
		};
/* End XCConfigurationList section */
	};
	rootObject = C5F7B82D17B9E84E00FB6223 /* Project object */;
}
